[[package]]
name = "backtrace"
version = "0.3.9"
source = "registry+https://github.com/rust-lang/crates.io-index"
dependencies = [
 "backtrace-sys 0.1.24 (registry+https://github.com/rust-lang/crates.io-index)",
 "cfg-if 0.1.5 (registry+https://github.com/rust-lang/crates.io-index)",
 "libc 0.2.43 (registry+https://github.com/rust-lang/crates.io-index)",
 "rustc-demangle 0.1.9 (registry+https://github.com/rust-lang/crates.io-index)",
 "winapi 0.3.6 (registry+https://github.com/rust-lang/crates.io-index)",
]

[[package]]
name = "backtrace-sys"
version = "0.1.24"
source = "registry+https://github.com/rust-lang/crates.io-index"
dependencies = [
 "cc 1.0.25 (registry+https://github.com/rust-lang/crates.io-index)",
 "libc 0.2.43 (registry+https://github.com/rust-lang/crates.io-index)",
]

[[package]]
name = "bitflags"
version = "1.0.4"
source = "registry+https://github.com/rust-lang/crates.io-index"

[[package]]
name = "bukubrow"
version = "1.2.0"
dependencies = [
 "chrome_native_messaging 0.1.2 (registry+https://github.com/rust-lang/crates.io-index)",
 "rusqlite 0.16.0 (registry+https://github.com/rust-lang/crates.io-index)",
 "serde 1.0.79 (registry+https://github.com/rust-lang/crates.io-index)",
 "serde_derive 1.0.79 (registry+https://github.com/rust-lang/crates.io-index)",
 "serde_json 1.0.30 (registry+https://github.com/rust-lang/crates.io-index)",
]

[[package]]
name = "byteorder"
version = "1.2.6"
source = "registry+https://github.com/rust-lang/crates.io-index"

[[package]]
name = "cc"
version = "1.0.25"
source = "registry+https://github.com/rust-lang/crates.io-index"

[[package]]
name = "cfg-if"
version = "0.1.5"
source = "registry+https://github.com/rust-lang/crates.io-index"

[[package]]
name = "chrome_native_messaging"
version = "0.1.2"
source = "registry+https://github.com/rust-lang/crates.io-index"
dependencies = [
 "byteorder 1.2.6 (registry+https://github.com/rust-lang/crates.io-index)",
 "error-chain 0.11.0 (registry+https://github.com/rust-lang/crates.io-index)",
 "serde_json 1.0.30 (registry+https://github.com/rust-lang/crates.io-index)",
]

[[package]]
name = "error-chain"
version = "0.11.0"
source = "registry+https://github.com/rust-lang/crates.io-index"
dependencies = [
 "backtrace 0.3.9 (registry+https://github.com/rust-lang/crates.io-index)",
]

[[package]]
name = "itoa"
version = "0.4.3"
source = "registry+https://github.com/rust-lang/crates.io-index"

[[package]]
name = "libc"
version = "0.2.43"
source = "registry+https://github.com/rust-lang/crates.io-index"

[[package]]
name = "libsqlite3-sys"
version = "0.11.1"
source = "registry+https://github.com/rust-lang/crates.io-index"
dependencies = [
 "cc 1.0.25 (registry+https://github.com/rust-lang/crates.io-index)",
 "pkg-config 0.3.14 (registry+https://github.com/rust-lang/crates.io-index)",
 "vcpkg 0.2.6 (registry+https://github.com/rust-lang/crates.io-index)",
]

[[package]]
name = "linked-hash-map"
version = "0.4.2"
source = "registry+https://github.com/rust-lang/crates.io-index"

[[package]]
name = "lru-cache"
version = "0.1.1"
source = "registry+https://github.com/rust-lang/crates.io-index"
dependencies = [
 "linked-hash-map 0.4.2 (registry+https://github.com/rust-lang/crates.io-index)",
]

[[package]]
name = "pkg-config"
version = "0.3.14"
source = "registry+https://github.com/rust-lang/crates.io-index"

[[package]]
name = "proc-macro2"
version = "0.4.19"
source = "registry+https://github.com/rust-lang/crates.io-index"
dependencies = [
 "unicode-xid 0.1.0 (registry+https://github.com/rust-lang/crates.io-index)",
]

[[package]]
name = "quote"
version = "0.6.8"
source = "registry+https://github.com/rust-lang/crates.io-index"
dependencies = [
 "proc-macro2 0.4.19 (registry+https://github.com/rust-lang/crates.io-index)",
]

[[package]]
name = "redox_syscall"
version = "0.1.40"
source = "registry+https://github.com/rust-lang/crates.io-index"

[[package]]
name = "rusqlite"
version = "0.16.0"
source = "registry+https://github.com/rust-lang/crates.io-index"
dependencies = [
 "bitflags 1.0.4 (registry+https://github.com/rust-lang/crates.io-index)",
 "libsqlite3-sys 0.11.1 (registry+https://github.com/rust-lang/crates.io-index)",
 "lru-cache 0.1.1 (registry+https://github.com/rust-lang/crates.io-index)",
 "time 0.1.40 (registry+https://github.com/rust-lang/crates.io-index)",
]

[[package]]
name = "rustc-demangle"
version = "0.1.9"
source = "registry+https://github.com/rust-lang/crates.io-index"

[[package]]
name = "ryu"
version = "0.2.6"
source = "registry+https://github.com/rust-lang/crates.io-index"

[[package]]
name = "serde"
version = "1.0.79"
source = "registry+https://github.com/rust-lang/crates.io-index"

[[package]]
name = "serde_derive"
version = "1.0.79"
source = "registry+https://github.com/rust-lang/crates.io-index"
dependencies = [
 "proc-macro2 0.4.19 (registry+https://github.com/rust-lang/crates.io-index)",
 "quote 0.6.8 (registry+https://github.com/rust-lang/crates.io-index)",
 "syn 0.15.6 (registry+https://github.com/rust-lang/crates.io-index)",
]

[[package]]
name = "serde_json"
version = "1.0.30"
source = "registry+https://github.com/rust-lang/crates.io-index"
dependencies = [
 "itoa 0.4.3 (registry+https://github.com/rust-lang/crates.io-index)",
 "ryu 0.2.6 (registry+https://github.com/rust-lang/crates.io-index)",
 "serde 1.0.79 (registry+https://github.com/rust-lang/crates.io-index)",
]

[[package]]
name = "syn"
version = "0.15.6"
source = "registry+https://github.com/rust-lang/crates.io-index"
dependencies = [
 "proc-macro2 0.4.19 (registry+https://github.com/rust-lang/crates.io-index)",
 "quote 0.6.8 (registry+https://github.com/rust-lang/crates.io-index)",
 "unicode-xid 0.1.0 (registry+https://github.com/rust-lang/crates.io-index)",
]

[[package]]
name = "time"
version = "0.1.40"
source = "registry+https://github.com/rust-lang/crates.io-index"
dependencies = [
 "libc 0.2.43 (registry+https://github.com/rust-lang/crates.io-index)",
 "redox_syscall 0.1.40 (registry+https://github.com/rust-lang/crates.io-index)",
 "winapi 0.3.6 (registry+https://github.com/rust-lang/crates.io-index)",
]

[[package]]
name = "unicode-xid"
version = "0.1.0"
source = "registry+https://github.com/rust-lang/crates.io-index"

[[package]]
name = "vcpkg"
version = "0.2.6"
source = "registry+https://github.com/rust-lang/crates.io-index"

[[package]]
name = "winapi"
version = "0.3.6"
source = "registry+https://github.com/rust-lang/crates.io-index"
dependencies = [
 "winapi-i686-pc-windows-gnu 0.4.0 (registry+https://github.com/rust-lang/crates.io-index)",
 "winapi-x86_64-pc-windows-gnu 0.4.0 (registry+https://github.com/rust-lang/crates.io-index)",
]

[[package]]
name = "winapi-i686-pc-windows-gnu"
version = "0.4.0"
source = "registry+https://github.com/rust-lang/crates.io-index"

[[package]]
name = "winapi-x86_64-pc-windows-gnu"
version = "0.4.0"
source = "registry+https://github.com/rust-lang/crates.io-index"

[metadata]
"checksum backtrace 0.3.9 (registry+https://github.com/rust-lang/crates.io-index)" = "89a47830402e9981c5c41223151efcced65a0510c13097c769cede7efb34782a"
"checksum backtrace-sys 0.1.24 (registry+https://github.com/rust-lang/crates.io-index)" = "c66d56ac8dabd07f6aacdaf633f4b8262f5b3601a810a0dcddffd5c22c69daa0"
"checksum bitflags 1.0.4 (registry+https://github.com/rust-lang/crates.io-index)" = "228047a76f468627ca71776ecdebd732a3423081fcf5125585bcd7c49886ce12"
"checksum byteorder 1.2.6 (registry+https://github.com/rust-lang/crates.io-index)" = "90492c5858dd7d2e78691cfb89f90d273a2800fc11d98f60786e5d87e2f83781"
"checksum cc 1.0.25 (registry+https://github.com/rust-lang/crates.io-index)" = "f159dfd43363c4d08055a07703eb7a3406b0dac4d0584d96965a3262db3c9d16"
"checksum cfg-if 0.1.5 (registry+https://github.com/rust-lang/crates.io-index)" = "0c4e7bb64a8ebb0d856483e1e682ea3422f883c5f5615a90d51a2c82fe87fdd3"
"checksum chrome_native_messaging 0.1.2 (registry+https://github.com/rust-lang/crates.io-index)" = "d90ef0330a56caf0a77d10fe27a32cea70c15b94c675e027b07700030edf00df"
"checksum error-chain 0.11.0 (registry+https://github.com/rust-lang/crates.io-index)" = "ff511d5dc435d703f4971bc399647c9bc38e20cb41452e3b9feb4765419ed3f3"
"checksum itoa 0.4.3 (registry+https://github.com/rust-lang/crates.io-index)" = "1306f3464951f30e30d12373d31c79fbd52d236e5e896fd92f96ec7babbbe60b"
"checksum libc 0.2.43 (registry+https://github.com/rust-lang/crates.io-index)" = "76e3a3ef172f1a0b9a9ff0dd1491ae5e6c948b94479a3021819ba7d860c8645d"
"checksum libsqlite3-sys 0.11.1 (registry+https://github.com/rust-lang/crates.io-index)" = "3567bc1a0c84e2c0d71eeb4a1f08451babf7843babd733158777d9c686dad9f3"
"checksum linked-hash-map 0.4.2 (registry+https://github.com/rust-lang/crates.io-index)" = "7860ec297f7008ff7a1e3382d7f7e1dcd69efc94751a2284bafc3d013c2aa939"
"checksum lru-cache 0.1.1 (registry+https://github.com/rust-lang/crates.io-index)" = "4d06ff7ff06f729ce5f4e227876cb88d10bc59cd4ae1e09fbb2bde15c850dc21"
"checksum pkg-config 0.3.14 (registry+https://github.com/rust-lang/crates.io-index)" = "676e8eb2b1b4c9043511a9b7bea0915320d7e502b0a079fb03f9635a5252b18c"
"checksum proc-macro2 0.4.19 (registry+https://github.com/rust-lang/crates.io-index)" = "ffe022fb8c8bd254524b0b3305906c1921fa37a84a644e29079a9e62200c3901"
"checksum quote 0.6.8 (registry+https://github.com/rust-lang/crates.io-index)" = "dd636425967c33af890042c483632d33fa7a18f19ad1d7ea72e8998c6ef8dea5"
"checksum redox_syscall 0.1.40 (registry+https://github.com/rust-lang/crates.io-index)" = "c214e91d3ecf43e9a4e41e578973adeb14b474f2bee858742d127af75a0112b1"
"checksum rusqlite 0.16.0 (registry+https://github.com/rust-lang/crates.io-index)" = "6381ddfe91dbb659b4b132168da15985bc84162378cf4fcdc4eb99c857d063e2"
"checksum rustc-demangle 0.1.9 (registry+https://github.com/rust-lang/crates.io-index)" = "bcfe5b13211b4d78e5c2cadfebd7769197d95c639c35a50057eb4c05de811395"
"checksum ryu 0.2.6 (registry+https://github.com/rust-lang/crates.io-index)" = "7153dd96dade874ab973e098cb62fcdbb89a03682e46b144fd09550998d4a4a7"
"checksum serde 1.0.79 (registry+https://github.com/rust-lang/crates.io-index)" = "84257ccd054dc351472528c8587b4de2dbf0dc0fe2e634030c1a90bfdacebaa9"
"checksum serde_derive 1.0.79 (registry+https://github.com/rust-lang/crates.io-index)" = "31569d901045afbff7a9479f793177fe9259819aff10ab4f89ef69bbc5f567fe"
"checksum serde_json 1.0.30 (registry+https://github.com/rust-lang/crates.io-index)" = "7f60a296fed15c3edbbe9aa83b646531459e565c525b0ab628deb1a4b28e4180"
"checksum syn 0.15.6 (registry+https://github.com/rust-lang/crates.io-index)" = "854b08a640fc8f54728fb95321e3ec485b365a97fe47609797c671addd1dde69"
"checksum time 0.1.40 (registry+https://github.com/rust-lang/crates.io-index)" = "d825be0eb33fda1a7e68012d51e9c7f451dc1a69391e7fdc197060bb8c56667b"
"checksum unicode-xid 0.1.0 (registry+https://github.com/rust-lang/crates.io-index)" = "fc72304796d0818e357ead4e000d19c9c174ab23dc11093ac919054d20a6a7fc"
"checksum vcpkg 0.2.6 (registry+https://github.com/rust-lang/crates.io-index)" = "def296d3eb3b12371b2c7d0e83bfe1403e4db2d7a0bba324a12b21c4ee13143d"
"checksum winapi 0.3.6 (registry+https://github.com/rust-lang/crates.io-index)" = "92c1eb33641e276cfa214a0522acad57be5c56b10cb348b3c5117db75f3ac4b0"
"checksum winapi-i686-pc-windows-gnu 0.4.0 (registry+https://github.com/rust-lang/crates.io-index)" = "ac3b87c63620426dd9b991e5ce0329eff545bccbbb34f3be09ff6fb6ab51b7b6"
"checksum winapi-x86_64-pc-windows-gnu 0.4.0 (registry+https://github.com/rust-lang/crates.io-index)" = "712e227841d057c1ee1cd2fb22fa7e5a5461ae8e48fa2ca79ec42cfc1931183f"
